# @generated - this file is auto-generated by `mise lock` https://mise.jdx.dev/dev-tools/mise-lock.html

[[tools.actionlint]]
version = "1.7.12"
backend = "aqua:rhysd/actionlint"

[tools.actionlint."platforms.linux-x64"]
checksum = "sha256:8aca8db96f1b94770f1b0d72b6dddcb1ebb8123cb3712530b08cc387b349a3d8"
url = "https://github.com/rhysd/actionlint/releases/download/v1.7.12/actionlint_1.7.12_linux_amd64.tar.gz"
url_api = "https://api.github.com/repos/rhysd/actionlint/releases/assets/384924896"
provenance = "github-attestations"

[[tools.claude]]
version = "2.1.260"
backend = "aqua:anthropics/claude-code"

[tools.claude."platforms.linux-x64"]
checksum = "sha256:85c098eb76ef7476e7d6c7b813a8a4a42c3c95656947809166102067f5a3d551"
url = "https://github.com/anthropics/claude-code/releases/download/v2.1.260/claude-linux-x64.tar.gz"
url_api = "https://api.github.com/repos/anthropics/claude-code/releases/assets/543428994"

[[tools.cocogitto]]
version = "7.0.0"
backend = "aqua:cocogitto/cocogitto"

[tools.cocogitto."platforms.linux-x64"]
checksum = "sha256:e03938ff2c4c86d71c00c0f3284dbbe95c5ca76fe34a51f33e945c23010d59bb"
url = "https://github.com/cocogitto/cocogitto/releases/download/7.0.0/cocogitto-7.0.0-x86_64-unknown-linux-musl.tar.gz"
url_api = "https://api.github.com/repos/cocogitto/cocogitto/releases/assets/366659350"

[[tools.cosign]]
version = "3.1.3"
backend = "aqua:sigstore/cosign"

[tools.cosign."platforms.linux-x64"]
checksum = "sha256:4629c757b7618056f8ddd7e2625ae9fdd94c0372a65049520bc7d9df9efc7f71"
url = "https://github.com/sigstore/cosign/releases/download/v3.1.3/cosign-linux-amd64"
url_api = "https://api.github.com/repos/sigstore/cosign/releases/assets/503286005"
provenance = "cosign"

[[tools.gh]]
version = "2.102.0"
backend = "aqua:cli/cli"

[tools.gh."platforms.linux-x64"]
checksum = "sha256:bb766f710eef8ede859c18578c72c327597cd4c8a85b06001b1f3843c6019386"
url = "https://github.com/cli/cli/releases/download/v2.102.0/gh_2.102.0_linux_amd64.tar.gz"
url_api = "https://api.github.com/repos/cli/cli/releases/assets/599854672"
provenance = "github-attestations"

[[tools.gitleaks]]
version = "8.30.1"
backend = "aqua:gitleaks/gitleaks"

[tools.gitleaks."platforms.linux-x64"]
checksum = "sha256:551f6fc83ea457d62a0d98237cbad105af8d557003051f41f3e7ca7b3f2470eb"
url = "https://github.com/gitleaks/gitleaks/releases/download/v8.30.1/gitleaks_8.30.1_linux_x64.tar.gz"
url_api = "https://api.github.com/repos/gitleaks/gitleaks/releases/assets/378332058"

[[tools.jq]]
version = "1.8.2"
backend = "aqua:jqlang/jq"

[tools.jq."platforms.linux-x64"]
checksum = "sha256:b1c22172dd303f3be49e935aa56aa48a8b7a46e0bc838b4997d3bb451495870f"
url = "https://github.com/jqlang/jq/releases/download/jq-1.8.2/jq-linux-amd64"
url_api = "https://api.github.com/repos/jqlang/jq/releases/assets/453012752"
provenance = "github-attestations"

[[tools.node]]
version = "24.20.0"
backend = "core:node"

[tools.node."platforms.linux-x64"]
checksum = "sha256:855d581f8a4eb1a8117e3426de25fe02770592febcfb31369aee1ffbfee9e8ec"
url = "https://nodejs.org/dist/v24.20.0/node-v24.20.0-linux-x64.tar.gz"

[[tools."pipx:desloppify"]]
version = "1.0"
backend = "pipx:desloppify"

[[tools."pipx:graphifyy"]]
version = "0.9.53"
backend = "pipx:graphifyy"

[[tools.rtk]]
version = "0.47.0"
backend = "aqua:rtk-ai/rtk"

[tools.rtk."platforms.linux-x64"]
checksum = "sha256:7c0175d867f96c4f8f788479af82ca8f0990ea944226268834d224a525186fb7"
url = "https://github.com/rtk-ai/rtk/releases/download/v0.47.0/rtk-x86_64-unknown-linux-musl.tar.gz"
url_api = "https://api.github.com/repos/rtk-ai/rtk/releases/assets/540806262"

[[tools.rust]]
version = "1.98.1"
backend = "core:rust"

[[tools.task]]
version = "3.53.1"
backend = "aqua:go-task/task"

[tools.task."platforms.linux-x64"]
checksum = "sha256:a54a408f6861ff921f6e87774180db31bacd8c1e7c944ca696db9fea49a82fc7"
url = "https://github.com/go-task/task/releases/download/v3.53.1/task_linux_amd64.tar.gz"
url_api = "https://api.github.com/repos/go-task/task/releases/assets/519645449"

[[tools.trivy]]
version = "0.74.0"
backend = "aqua:aquasecurity/trivy"

[tools.trivy."platforms.linux-x64"]
checksum = "sha256:2ae6fe3ee734b7fdf11335663e18c75ea12dccc76062f09f164a3b0f8be4371a"
url = "https://github.com/aquasecurity/trivy/releases/download/v0.74.0/trivy_0.74.0_Linux-64bit.tar.gz"
url_api = "https://api.github.com/repos/aquasecurity/trivy/releases/assets/514339431"
provenance = "cosign"

[[tools.uv]]
version = "0.12.9"
backend = "aqua:astral-sh/uv"

[tools.uv."platforms.linux-x64"]
checksum = "sha256:aa4b1f8770910f7c7c543c7acc980e4270e52e70750c996acef813ea1c7c2912"
url = "https://github.com/astral-sh/uv/releases/download/0.12.9/uv-x86_64-unknown-linux-musl.tar.gz"
url_api = "https://api.github.com/repos/astral-sh/uv/releases/assets/540201044"
provenance = "github-attestations"

[[tools.zizmor]]
version = "1.30.1"
backend = "aqua:zizmorcore/zizmor"

[tools.zizmor."platforms.linux-x64"]
checksum = "sha256:e65324f4430c2717591937edcec90ccbefaf14c174f8ec9415e03ca875b46e1a"
url = "https://github.com/zizmorcore/zizmor/releases/download/v1.30.1/zizmor-x86_64-unknown-linux-gnu.tar.gz"
url_api = "https://api.github.com/repos/zizmorcore/zizmor/releases/assets/552067642"
provenance = "github-attestations"
